
Microsoft Visual Studio Solution File, Format Version 12.00
# Visual Studio 14
VisualStudioVersion = 14.0.25420.1
MinimumVisualStudioVersion = 10.0.40219.1
Project("{2150E333-8FDC-42A3-9474-1A3956D46DE8}") = "src", "src", "{D022E003-069D-4EFB-BC4F-8F3265C2618C}"
EndProject
Project("{2150E333-8FDC-42A3-9474-1A3956D46DE8}") = "Solution Items", "Solution Items", "{0A4ED31C-52BE-463E-BED8-1A57C4185046}"
	ProjectSection(SolutionItems) = preProject
		global.json = global.json
	EndProjectSection
EndProject
Project("{8BB2217D-0F2D-49D1-97BC-3654ED321F3B}") = "DotCore", "src\DotCore\DotCore.xproj", "{CFF042E7-43EF-42B0-9ED2-AB32E6DDFD70}"
EndProject
Project("{2150E333-8FDC-42A3-9474-1A3956D46DE8}") = "Portable", "Portable", "{CAD961A8-5356-475C-8E9E-2C1887EADF05}"
EndProject
Project("{8BB2217D-0F2D-49D1-97BC-3654ED321F3B}") = "DotCore.Portable.DataAccess", "DotCore.Portable.DataAccess\DotCore.Portable.DataAccess.xproj", "{6110801C-5E2A-47C6-80E0-88F2F2D5B6FD}"
EndProject
Project("{8BB2217D-0F2D-49D1-97BC-3654ED321F3B}") = "DotCore.Portable.BusinessLogic", "DotCore.Portable.BusinessLogic\DotCore.Portable.BusinessLogic.xproj", "{0A22970E-1893-4208-B978-4B05E3F433A3}"
EndProject
Project("{8BB2217D-0F2D-49D1-97BC-3654ED321F3B}") = "DotCore.Portable.Tests", "DotCore.Portable.Tests\DotCore.Portable.Tests.xproj", "{0FFE1041-C7F1-4C91-9613-D27674324D72}"
EndProject
Project("{8BB2217D-0F2D-49D1-97BC-3654ED321F3B}") = "DotCore.Portable.DataAccess.EntityFrameworkCore", "DotCore.Portable.DataAccess.EntityFrameworkCore\DotCore.Portable.DataAccess.EntityFrameworkCore.xproj", "{E24A34DB-6930-4081-8515-24EC3B85A8C5}"
EndProject
Global
	GlobalSection(SolutionConfigurationPlatforms) = preSolution
		Debug|Any CPU = Debug|Any CPU
		Release|Any CPU = Release|Any CPU
	EndGlobalSection
	GlobalSection(ProjectConfigurationPlatforms) = postSolution
		{CFF042E7-43EF-42B0-9ED2-AB32E6DDFD70}.Debug|Any CPU.ActiveCfg = Debug|Any CPU
		{CFF042E7-43EF-42B0-9ED2-AB32E6DDFD70}.Debug|Any CPU.Build.0 = Debug|Any CPU
		{CFF042E7-43EF-42B0-9ED2-AB32E6DDFD70}.Release|Any CPU.ActiveCfg = Release|Any CPU
		{CFF042E7-43EF-42B0-9ED2-AB32E6DDFD70}.Release|Any CPU.Build.0 = Release|Any CPU
		{6110801C-5E2A-47C6-80E0-88F2F2D5B6FD}.Debug|Any CPU.ActiveCfg = Debug|Any CPU
		{6110801C-5E2A-47C6-80E0-88F2F2D5B6FD}.Debug|Any CPU.Build.0 = Debug|Any CPU
		{6110801C-5E2A-47C6-80E0-88F2F2D5B6FD}.Release|Any CPU.ActiveCfg = Release|Any CPU
		{6110801C-5E2A-47C6-80E0-88F2F2D5B6FD}.Release|Any CPU.Build.0 = Release|Any CPU
		{0A22970E-1893-4208-B978-4B05E3F433A3}.Debug|Any CPU.ActiveCfg = Debug|Any CPU
		{0A22970E-1893-4208-B978-4B05E3F433A3}.Debug|Any CPU.Build.0 = Debug|Any CPU
		{0A22970E-1893-4208-B978-4B05E3F433A3}.Release|Any CPU.ActiveCfg = Release|Any CPU
		{0A22970E-1893-4208-B978-4B05E3F433A3}.Release|Any CPU.Build.0 = Release|Any CPU
		{0FFE1041-C7F1-4C91-9613-D27674324D72}.Debug|Any CPU.ActiveCfg = Debug|Any CPU
		{0FFE1041-C7F1-4C91-9613-D27674324D72}.Debug|Any CPU.Build.0 = Debug|Any CPU
		{0FFE1041-C7F1-4C91-9613-D27674324D72}.Release|Any CPU.ActiveCfg = Release|Any CPU
		{0FFE1041-C7F1-4C91-9613-D27674324D72}.Release|Any CPU.Build.0 = Release|Any CPU
		{E24A34DB-6930-4081-8515-24EC3B85A8C5}.Debug|Any CPU.ActiveCfg = Debug|Any CPU
		{E24A34DB-6930-4081-8515-24EC3B85A8C5}.Debug|Any CPU.Build.0 = Debug|Any CPU
		{E24A34DB-6930-4081-8515-24EC3B85A8C5}.Release|Any CPU.ActiveCfg = Release|Any CPU
		{E24A34DB-6930-4081-8515-24EC3B85A8C5}.Release|Any CPU.Build.0 = Release|Any CPU
	EndGlobalSection
	GlobalSection(SolutionProperties) = preSolution
		HideSolutionNode = FALSE
	EndGlobalSection
	GlobalSection(NestedProjects) = preSolution
		{CFF042E7-43EF-42B0-9ED2-AB32E6DDFD70} = {D022E003-069D-4EFB-BC4F-8F3265C2618C}
		{CAD961A8-5356-475C-8E9E-2C1887EADF05} = {D022E003-069D-4EFB-BC4F-8F3265C2618C}
		{6110801C-5E2A-47C6-80E0-88F2F2D5B6FD} = {CAD961A8-5356-475C-8E9E-2C1887EADF05}
		{0A22970E-1893-4208-B978-4B05E3F433A3} = {CAD961A8-5356-475C-8E9E-2C1887EADF05}
		{0FFE1041-C7F1-4C91-9613-D27674324D72} = {CAD961A8-5356-475C-8E9E-2C1887EADF05}
		{E24A34DB-6930-4081-8515-24EC3B85A8C5} = {CAD961A8-5356-475C-8E9E-2C1887EADF05}
	EndGlobalSection
EndGlobal
